
Microsoft Visual Studio Solution File, Format Version 12.00
# Visual Studio Version 16
VisualStudioVersion = 16.0.31624.102
MinimumVisualStudioVersion = 10.0.40219.1
Project("{FAE04EC0-301F-11D3-BF4B-00C04F79EFBC}") = "BookStoreAPI", "BookStoreAPI.csproj", "{7EE9C1BA-1AB9-497C-B3C7-B8EE7EF07EF2}"
EndProject
Global
	GlobalSection(SolutionConfigurationPlatforms) = preSolution
		Debug|Any CPU = Debug|Any CPU
		Release|Any CPU = Release|Any CPU
	EndGlobalSection
	GlobalSection(ProjectConfigurationPlatforms) = postSolution
		{7EE9C1BA-1AB9-497C-B3C7-B8EE7EF07EF2}.Debug|Any CPU.ActiveCfg = Debug|Any CPU
		{7EE9C1BA-1AB9-497C-B3C7-B8EE7EF07EF2}.Debug|Any CPU.Build.0 = Debug|Any CPU
		{7EE9C1BA-1AB9-497C-B3C7-B8EE7EF07EF2}.Release|Any CPU.ActiveCfg = Release|Any CPU
		{7EE9C1BA-1AB9-497C-B3C7-B8EE7EF07EF2}.Release|Any CPU.Build.0 = Release|Any CPU
	EndGlobalSection
	GlobalSection(SolutionProperties) = preSolution
		HideSolutionNode = FALSE
	EndGlobalSection
	GlobalSection(ExtensibilityGlobals) = postSolution
		SolutionGuid = {988B906B-165D-4023-914A-DCAAF07B544E}
	EndGlobalSection
EndGlobal
